
Microsoft Visual Studio Solution File, Format Version 12.00
# Visual Studio 15
VisualStudioVersion = 15.0.28307.1022
MinimumVisualStudioVersion = 10.0.40219.1
Project("{8BC9CEB8-8B4A-11D0-8D11-00A0C91BC942}") = "functions", "functions\functions.vcxproj", "{EFD2B35C-B1BC-442B-B9E5-42FE4CBB9E44}"
EndProject
Global
	GlobalSection(SolutionConfigurationPlatforms) = preSolution
		Debug|x64 = Debug|x64
		Debug|x86 = Debug|x86
		Release|x64 = Release|x64
		Release|x86 = Release|x86
	EndGlobalSection
	GlobalSection(ProjectConfigurationPlatforms) = postSolution
		{EFD2B35C-B1BC-442B-B9E5-42FE4CBB9E44}.Debug|x64.ActiveCfg = Debug|x64
		{EFD2B35C-B1BC-442B-B9E5-42FE4CBB9E44}.Debug|x64.Build.0 = Debug|x64
		{EFD2B35C-B1BC-442B-B9E5-42FE4CBB9E44}.Debug|x86.ActiveCfg = Debug|Win32
		{EFD2B35C-B1BC-442B-B9E5-42FE4CBB9E44}.Debug|x86.Build.0 = Debug|Win32
		{EFD2B35C-B1BC-442B-B9E5-42FE4CBB9E44}.Release|x64.ActiveCfg = Release|x64
		{EFD2B35C-B1BC-442B-B9E5-42FE4CBB9E44}.Release|x64.Build.0 = Release|x64
		{EFD2B35C-B1BC-442B-B9E5-42FE4CBB9E44}.Release|x86.ActiveCfg = Release|Win32
		{EFD2B35C-B1BC-442B-B9E5-42FE4CBB9E44}.Release|x86.Build.0 = Release|Win32
	EndGlobalSection
	GlobalSection(SolutionProperties) = preSolution
		HideSolutionNode = FALSE
	EndGlobalSection
	GlobalSection(ExtensibilityGlobals) = postSolution
		SolutionGuid = {5C92EEC9-1D36-4BC4-BD29-E875F86596C7}
	EndGlobalSection
EndGlobal
